{
  "name": "Topos",
  "lockfileVersion": 2,
  "requires": true,
  "packages": {
    "": {
      "dependencies": {
        "interact.js": "^1.2.8"
      }
    },
    "node_modules/interact.js": {
      "version": "1.2.8",
      "resolved": "https://registry.npmjs.org/interact.js/-/interact.js-1.2.8.tgz",
      "integrity": "sha512-VXUfuD1xCq97yYfp0qi5D+dkEBKsvSkOaoIQuWualzrHh5oVF6IbEc8jZRpfnooQShFJNPBdoDhN6SBKAdEJ6Q==",
      "deprecated": "This package has been renamed to 'interactjs' (without the dot)"
    }
  },
  "dependencies": {
    "interact.js": {
      "version": "1.2.8",
      "resolved": "https://registry.npmjs.org/interact.js/-/interact.js-1.2.8.tgz",
      "integrity": "sha512-VXUfuD1xCq97yYfp0qi5D+dkEBKsvSkOaoIQuWualzrHh5oVF6IbEc8jZRpfnooQShFJNPBdoDhN6SBKAdEJ6Q=="
    }
  }
}
